// !$*UTF8*$!
{
	archiveVersion = 1;
	classes = {
	};
	objectVersion = 56;
	objects = {

/* Begin PBXBuildFile section */
		FB1F7EE62B03C62C00F4A63A /* PartlyCornerView.swift in Sources */ = {isa = PBXBuildFile; fileRef = FB1F7EE52B03C62C00F4A63A /* PartlyCornerView.swift */; };
		FB1F7EE82B03C67100F4A63A /* PartlyRoundedCornerView.swift in Sources */ = {isa = PBXBuildFile; fileRef = FB1F7EE72B03C67100F4A63A /* PartlyRoundedCornerView.swift */; };
		FB3232562ACFB2AA00B2E012 /* RollingText.swift in Sources */ = {isa = PBXBuildFile; fileRef = FB3232552ACFB2AA00B2E012 /* RollingText.swift */; };
		FB3232582ACFB50200B2E012 /* MarqueeText.swift in Sources */ = {isa = PBXBuildFile; fileRef = FB3232572ACFB50200B2E012 /* MarqueeText.swift */; };
		FB3BB6912B0735220062E5C2 /* SympleTabbarView.swift in Sources */ = {isa = PBXBuildFile; fileRef = FB3BB6902B0735220062E5C2 /* SympleTabbarView.swift */; };
		FB89D5392BEBBFA80058A3A7 /* SegmentedPicker.swift in Sources */ = {isa = PBXBuildFile; fileRef = FB89D5382BEBBFA80058A3A7 /* SegmentedPicker.swift */; };
		FBA0F96829E593810006390C /* ShareNotificationView.swift in Sources */ = {isa = PBXBuildFile; fileRef = FBA0F96729E593810006390C /* ShareNotificationView.swift */; };
		FBAB3210292C6A83001C050A /* SwiftUISampleApp.swift in Sources */ = {isa = PBXBuildFile; fileRef = FBAB320F292C6A83001C050A /* SwiftUISampleApp.swift */; };
		FBAB3212292C6A83001C050A /* ContentView.swift in Sources */ = {isa = PBXBuildFile; fileRef = FBAB3211292C6A83001C050A /* ContentView.swift */; };
		FBAB3214292C6A84001C050A /* Assets.xcassets in Resources */ = {isa = PBXBuildFile; fileRef = FBAB3213292C6A84001C050A /* Assets.xcassets */; };
		FBAB3218292C6A84001C050A /* Preview Assets.xcassets in Resources */ = {isa = PBXBuildFile; fileRef = FBAB3217292C6A84001C050A /* Preview Assets.xcassets */; };
		FBAB321F292C6BA3001C050A /* mockImage.png in Resources */ = {isa = PBXBuildFile; fileRef = FBAB321E292C6BA3001C050A /* mockImage.png */; };
		FBB23B7C2BEC8C2B00D8B1D4 /* SegmentedPickerView.swift in Sources */ = {isa = PBXBuildFile; fileRef = FBB23B7B2BEC8C2B00D8B1D4 /* SegmentedPickerView.swift */; };
		FBCB10702BF446A200D572A4 /* SampleDragGesture.swift in Sources */ = {isa = PBXBuildFile; fileRef = FBCB106F2BF446A200D572A4 /* SampleDragGesture.swift */; };
/* End PBXBuildFile section */

/* Begin PBXFileReference section */
		FB1F7EE52B03C62C00F4A63A /* PartlyCornerView.swift */ = {isa = PBXFileReference; lastKnownFileType = sourcecode.swift; path = PartlyCornerView.swift; sourceTree = "<group>"; };
		FB1F7EE72B03C67100F4A63A /* PartlyRoundedCornerView.swift */ = {isa = PBXFileReference; lastKnownFileType = sourcecode.swift; path = PartlyRoundedCornerView.swift; sourceTree = "<group>"; };
		FB3232552ACFB2AA00B2E012 /* RollingText.swift */ = {isa = PBXFileReference; lastKnownFileType = sourcecode.swift; path = RollingText.swift; sourceTree = "<group>"; };
		FB3232572ACFB50200B2E012 /* MarqueeText.swift */ = {isa = PBXFileReference; lastKnownFileType = sourcecode.swift; path = MarqueeText.swift; sourceTree = "<group>"; };
		FB3BB6902B0735220062E5C2 /* SympleTabbarView.swift */ = {isa = PBXFileReference; lastKnownFileType = sourcecode.swift; path = SympleTabbarView.swift; sourceTree = "<group>"; };
		FB89D5382BEBBFA80058A3A7 /* SegmentedPicker.swift */ = {isa = PBXFileReference; lastKnownFileType = sourcecode.swift; path = SegmentedPicker.swift; sourceTree = "<group>"; };
		FBA0F96729E593810006390C /* ShareNotificationView.swift */ = {isa = PBXFileReference; lastKnownFileType = sourcecode.swift; path = ShareNotificationView.swift; sourceTree = "<group>"; };
		FBAB320C292C6A83001C050A /* SwiftUISample.app */ = {isa = PBXFileReference; explicitFileType = wrapper.application; includeInIndex = 0; path = SwiftUISample.app; sourceTree = BUILT_PRODUCTS_DIR; };
		FBAB320F292C6A83001C050A /* SwiftUISampleApp.swift */ = {isa = PBXFileReference; lastKnownFileType = sourcecode.swift; path = SwiftUISampleApp.swift; sourceTree = "<group>"; };
		FBAB3211292C6A83001C050A /* ContentView.swift */ = {isa = PBXFileReference; lastKnownFileType = sourcecode.swift; path = ContentView.swift; sourceTree = "<group>"; };
		FBAB3213292C6A84001C050A /* Assets.xcassets */ = {isa = PBXFileReference; lastKnownFileType = folder.assetcatalog; path = Assets.xcassets; sourceTree = "<group>"; };
		FBAB3215292C6A84001C050A /* SwiftUISample.entitlements */ = {isa = PBXFileReference; lastKnownFileType = text.plist.entitlements; path = SwiftUISample.entitlements; sourceTree = "<group>"; };
		FBAB3217292C6A84001C050A /* Preview Assets.xcassets */ = {isa = PBXFileReference; lastKnownFileType = folder.assetcatalog; path = "Preview Assets.xcassets"; sourceTree = "<group>"; };
		FBAB321E292C6BA3001C050A /* mockImage.png */ = {isa = PBXFileReference; lastKnownFileType = image.png; path = mockImage.png; sourceTree = "<group>"; };
		FBB23B7B2BEC8C2B00D8B1D4 /* SegmentedPickerView.swift */ = {isa = PBXFileReference; lastKnownFileType = sourcecode.swift; path = SegmentedPickerView.swift; sourceTree = "<group>"; };
		FBCB106F2BF446A200D572A4 /* SampleDragGesture.swift */ = {isa = PBXFileReference; lastKnownFileType = sourcecode.swift; path = SampleDragGesture.swift; sourceTree = "<group>"; };
/* End PBXFileReference section */

/* Begin PBXFrameworksBuildPhase section */
		FBAB3209292C6A83001C050A /* Frameworks */ = {
			isa = PBXFrameworksBuildPhase;
			buildActionMask = 2147483647;
			files = (
			);
			runOnlyForDeploymentPostprocessing = 0;
		};
/* End PBXFrameworksBuildPhase section */

/* Begin PBXGroup section */
		FBAB3203292C6A83001C050A = {
			isa = PBXGroup;
			children = (
				FBAB320E292C6A83001C050A /* SwiftUISample */,
				FBAB320D292C6A83001C050A /* Products */,
			);
			sourceTree = "<group>";
		};
		FBAB320D292C6A83001C050A /* Products */ = {
			isa = PBXGroup;
			children = (
				FBAB320C292C6A83001C050A /* SwiftUISample.app */,
			);
			name = Products;
			sourceTree = "<group>";
		};
		FBAB320E292C6A83001C050A /* SwiftUISample */ = {
			isa = PBXGroup;
			children = (
				FBB23B7A2BEC8C0600D8B1D4 /* Util */,
				FBAB321E292C6BA3001C050A /* mockImage.png */,
				FBAB320F292C6A83001C050A /* SwiftUISampleApp.swift */,
				FBAB3211292C6A83001C050A /* ContentView.swift */,
				FBCB106F2BF446A200D572A4 /* SampleDragGesture.swift */,
				FBAB3213292C6A84001C050A /* Assets.xcassets */,
				FBAB3215292C6A84001C050A /* SwiftUISample.entitlements */,
				FBAB3216292C6A84001C050A /* Preview Content */,
				FBA0F96729E593810006390C /* ShareNotificationView.swift */,
				FB3232552ACFB2AA00B2E012 /* RollingText.swift */,
				FB3232572ACFB50200B2E012 /* MarqueeText.swift */,
				FB1F7EE52B03C62C00F4A63A /* PartlyCornerView.swift */,
				FB1F7EE72B03C67100F4A63A /* PartlyRoundedCornerView.swift */,
				FB3BB6902B0735220062E5C2 /* SympleTabbarView.swift */,
				FBB23B7B2BEC8C2B00D8B1D4 /* SegmentedPickerView.swift */,
			);
			path = SwiftUISample;
			sourceTree = "<group>";
		};
		FBAB3216292C6A84001C050A /* Preview Content */ = {
			isa = PBXGroup;
			children = (
				FBAB3217292C6A84001C050A /* Preview Assets.xcassets */,
			);
			path = "Preview Content";
			sourceTree = "<group>";
		};
		FBB23B7A2BEC8C0600D8B1D4 /* Util */ = {
			isa = PBXGroup;
			children = (
				FB89D5382BEBBFA80058A3A7 /* SegmentedPicker.swift */,
			);
			path = Util;
			sourceTree = "<group>";
		};
/* End PBXGroup section */

/* Begin PBXNativeTarget section */
		FBAB320B292C6A83001C050A /* SwiftUISample */ = {
			isa = PBXNativeTarget;
			buildConfigurationList = FBAB321B292C6A84001C050A /* Build configuration list for PBXNativeTarget "SwiftUISample" */;
			buildPhases = (
				FBAB3208292C6A83001C050A /* Sources */,
				FBAB3209292C6A83001C050A /* Frameworks */,
				FBAB320A292C6A83001C050A /* Resources */,
			);
			buildRules = (
			);
			dependencies = (
			);
			name = SwiftUISample;
			productName = SwiftUISample;
			productReference = FBAB320C292C6A83001C050A /* SwiftUISample.app */;
			productType = "com.apple.product-type.application";
		};
/* End PBXNativeTarget section */

/* Begin PBXProject section */
		FBAB3204292C6A83001C050A /* Project object */ = {
			isa = PBXProject;
			attributes = {
				BuildIndependentTargetsInParallel = 1;
				LastSwiftUpdateCheck = 1400;
				LastUpgradeCheck = 1400;
				TargetAttributes = {
					FBAB320B292C6A83001C050A = {
						CreatedOnToolsVersion = 14.0.1;
					};
				};
			};
			buildConfigurationList = FBAB3207292C6A83001C050A /* Build configuration list for PBXProject "SwiftUISample" */;
			compatibilityVersion = "Xcode 14.0";
			developmentRegion = en;
			hasScannedForEncodings = 0;
			knownRegions = (
				en,
				Base,
			);
			mainGroup = FBAB3203292C6A83001C050A;
			productRefGroup = FBAB320D292C6A83001C050A /* Products */;
			projectDirPath = "";
			projectRoot = "";
			targets = (
				FBAB320B292C6A83001C050A /* SwiftUISample */,
			);
		};
/* End PBXProject section */

/* Begin PBXResourcesBuildPhase section */
		FBAB320A292C6A83001C050A /* Resources */ = {
			isa = PBXResourcesBuildPhase;
			buildActionMask = 2147483647;
			files = (
				FBAB321F292C6BA3001C050A /* mockImage.png in Resources */,
				FBAB3218292C6A84001C050A /* Preview Assets.xcassets in Resources */,
				FBAB3214292C6A84001C050A /* Assets.xcassets in Resources */,
			);
			runOnlyForDeploymentPostprocessing = 0;
		};
/* End PBXResourcesBuildPhase section */

/* Begin PBXSourcesBuildPhase section */
		FBAB3208292C6A83001C050A /* Sources */ = {
			isa = PBXSourcesBuildPhase;
			buildActionMask = 2147483647;
			files = (
				FB1F7EE82B03C67100F4A63A /* PartlyRoundedCornerView.swift in Sources */,
				FBAB3212292C6A83001C050A /* ContentView.swift in Sources */,
				FB3BB6912B0735220062E5C2 /* SympleTabbarView.swift in Sources */,
				FB89D5392BEBBFA80058A3A7 /* SegmentedPicker.swift in Sources */,
				FB3232562ACFB2AA00B2E012 /* RollingText.swift in Sources */,
				FBA0F96829E593810006390C /* ShareNotificationView.swift in Sources */,
				FBCB10702BF446A200D572A4 /* SampleDragGesture.swift in Sources */,
				FBAB3210292C6A83001C050A /* SwiftUISampleApp.swift in Sources */,
				FBB23B7C2BEC8C2B00D8B1D4 /* SegmentedPickerView.swift in Sources */,
				FB3232582ACFB50200B2E012 /* MarqueeText.swift in Sources */,
				FB1F7EE62B03C62C00F4A63A /* PartlyCornerView.swift in Sources */,
			);
			runOnlyForDeploymentPostprocessing = 0;
		};
/* End PBXSourcesBuildPhase section */

/* Begin XCBuildConfiguration section */
		FBAB3219292C6A84001C050A /* Debug */ = {
			isa = XCBuildConfiguration;
			buildSettings = {
				ALWAYS_SEARCH_USER_PATHS = NO;
				CLANG_ANALYZER_NONNULL = YES;
				CLANG_ANALYZER_NUMBER_OBJECT_CONVERSION = YES_AGGRESSIVE;
				CLANG_CXX_LANGUAGE_STANDARD = "gnu++20";
				CLANG_ENABLE_MODULES = YES;
				CLANG_ENABLE_OBJC_ARC = YES;
				CLANG_ENABLE_OBJC_WEAK = YES;
				CLANG_WARN_BLOCK_CAPTURE_AUTORELEASING = YES;
				CLANG_WARN_BOOL_CONVERSION = YES;
				CLANG_WARN_COMMA = YES;
				CLANG_WARN_CONSTANT_CONVERSION = YES;
				CLANG_WARN_DEPRECATED_OBJC_IMPLEMENTATIONS = YES;
				CLANG_WARN_DIRECT_OBJC_ISA_USAGE = YES_ERROR;
				CLANG_WARN_DOCUMENTATION_COMMENTS = YES;
				CLANG_WARN_EMPTY_BODY = YES;
				CLANG_WARN_ENUM_CONVERSION = YES;
				CLANG_WARN_INFINITE_RECURSION = YES;
				CLANG_WARN_INT_CONVERSION = YES;
				CLANG_WARN_NON_LITERAL_NULL_CONVERSION = YES;
				CLANG_WARN_OBJC_IMPLICIT_RETAIN_SELF = YES;
				CLANG_WARN_OBJC_LITERAL_CONVERSION = YES;
				CLANG_WARN_OBJC_ROOT_CLASS = YES_ERROR;
				CLANG_WARN_QUOTED_INCLUDE_IN_FRAMEWORK_HEADER = YES;
				CLANG_WARN_RANGE_LOOP_ANALYSIS = YES;
				CLANG_WARN_STRICT_PROTOTYPES = YES;
				CLANG_WARN_SUSPICIOUS_MOVE = YES;
				CLANG_WARN_UNGUARDED_AVAILABILITY = YES_AGGRESSIVE;
				CLANG_WARN_UNREACHABLE_CODE = YES;
				CLANG_WARN__DUPLICATE_METHOD_MATCH = YES;
				COPY_PHASE_STRIP = NO;
				DEBUG_INFORMATION_FORMAT = dwarf;
				ENABLE_STRICT_OBJC_MSGSEND = YES;
				ENABLE_TESTABILITY = YES;
				GCC_C_LANGUAGE_STANDARD = gnu11;
				GCC_DYNAMIC_NO_PIC = NO;
				GCC_NO_COMMON_BLOCKS = YES;
				GCC_OPTIMIZATION_LEVEL = 0;
				GCC_PREPROCESSOR_DEFINITIONS = (
					"DEBUG=1",
					"$(inherited)",
				);
				GCC_WARN_64_TO_32_BIT_CONVERSION = YES;
				GCC_WARN_ABOUT_RETURN_TYPE = YES_ERROR;
				GCC_WARN_UNDECLARED_SELECTOR = YES;
				GCC_WARN_UNINITIALIZED_AUTOS = YES_AGGRESSIVE;
				GCC_WARN_UNUSED_FUNCTION = YES;
				GCC_WARN_UNUSED_VARIABLE = YES;
				MTL_ENABLE_DEBUG_INFO = INCLUDE_SOURCE;
				MTL_FAST_MATH = YES;
				ONLY_ACTIVE_ARCH = YES;
				SWIFT_ACTIVE_COMPILATION_CONDITIONS = DEBUG;
				SWIFT_OPTIMIZATION_LEVEL = "-Onone";
			};
			name = Debug;
		};
		FBAB321A292C6A84001C050A /* Release */ = {
			isa = XCBuildConfiguration;
			buildSettings = {
				ALWAYS_SEARCH_USER_PATHS = NO;
				CLANG_ANALYZER_NONNULL = YES;
				CLANG_ANALYZER_NUMBER_OBJECT_CONVERSION = YES_AGGRESSIVE;
				CLANG_CXX_LANGUAGE_STANDARD = "gnu++20";
				CLANG_ENABLE_MODULES = YES;
				CLANG_ENABLE_OBJC_ARC = YES;
				CLANG_ENABLE_OBJC_WEAK = YES;
				CLANG_WARN_BLOCK_CAPTURE_AUTORELEASING = YES;
				CLANG_WARN_BOOL_CONVERSION = YES;
				CLANG_WARN_COMMA = YES;
				CLANG_WARN_CONSTANT_CONVERSION = YES;
				CLANG_WARN_DEPRECATED_OBJC_IMPLEMENTATIONS = YES;
				CLANG_WARN_DIRECT_OBJC_ISA_USAGE = YES_ERROR;
				CLANG_WARN_DOCUMENTATION_COMMENTS = YES;
				CLANG_WARN_EMPTY_BODY = YES;
				CLANG_WARN_ENUM_CONVERSION = YES;
				CLANG_WARN_INFINITE_RECURSION = YES;
				CLANG_WARN_INT_CONVERSION = YES;
				CLANG_WARN_NON_LITERAL_NULL_CONVERSION = YES;
				CLANG_WARN_OBJC_IMPLICIT_RETAIN_SELF = YES;
				CLANG_WARN_OBJC_LITERAL_CONVERSION = YES;
				CLANG_WARN_OBJC_ROOT_CLASS = YES_ERROR;
				CLANG_WARN_QUOTED_INCLUDE_IN_FRAMEWORK_HEADER = YES;
				CLANG_WARN_RANGE_LOOP_ANALYSIS = YES;
				CLANG_WARN_STRICT_PROTOTYPES = YES;
				CLANG_WARN_SUSPICIOUS_MOVE = YES;
				CLANG_WARN_UNGUARDED_AVAILABILITY = YES_AGGRESSIVE;
				CLANG_WARN_UNREACHABLE_CODE = YES;
				CLANG_WARN__DUPLICATE_METHOD_MATCH = YES;
				COPY_PHASE_STRIP = NO;
				DEBUG_INFORMATION_FORMAT = "dwarf-with-dsym";
				ENABLE_NS_ASSERTIONS = NO;
				ENABLE_STRICT_OBJC_MSGSEND = YES;
				GCC_C_LANGUAGE_STANDARD = gnu11;
				GCC_NO_COMMON_BLOCKS = YES;
				GCC_WARN_64_TO_32_BIT_CONVERSION = YES;
				GCC_WARN_ABOUT_RETURN_TYPE = YES_ERROR;
				GCC_WARN_UNDECLARED_SELECTOR = YES;
				GCC_WARN_UNINITIALIZED_AUTOS = YES_AGGRESSIVE;
				GCC_WARN_UNUSED_FUNCTION = YES;
				GCC_WARN_UNUSED_VARIABLE = YES;
				MTL_ENABLE_DEBUG_INFO = NO;
				MTL_FAST_MATH = YES;
				SWIFT_COMPILATION_MODE = wholemodule;
				SWIFT_OPTIMIZATION_LEVEL = "-O";
			};
			name = Release;
		};
		FBAB321C292C6A84001C050A /* Debug */ = {
			isa = XCBuildConfiguration;
			buildSettings = {
				ASSETCATALOG_COMPILER_APPICON_NAME = AppIcon;
				ASSETCATALOG_COMPILER_GLOBAL_ACCENT_COLOR_NAME = AccentColor;
				CODE_SIGN_ENTITLEMENTS = SwiftUISample/SwiftUISample.entitlements;
				CODE_SIGN_STYLE = Automatic;
				CURRENT_PROJECT_VERSION = 1;
				DEVELOPMENT_ASSET_PATHS = "\"SwiftUISample/Preview Content\"";
				ENABLE_PREVIEWS = YES;
				GENERATE_INFOPLIST_FILE = YES;
				"INFOPLIST_KEY_UIApplicationSceneManifest_Generation[sdk=iphoneos*]" = YES;
				"INFOPLIST_KEY_UIApplicationSceneManifest_Generation[sdk=iphonesimulator*]" = YES;
				"INFOPLIST_KEY_UIApplicationSupportsIndirectInputEvents[sdk=iphoneos*]" = YES;
				"INFOPLIST_KEY_UIApplicationSupportsIndirectInputEvents[sdk=iphonesimulator*]" = YES;
				"INFOPLIST_KEY_UILaunchScreen_Generation[sdk=iphoneos*]" = YES;
				"INFOPLIST_KEY_UILaunchScreen_Generation[sdk=iphonesimulator*]" = YES;
				"INFOPLIST_KEY_UIStatusBarStyle[sdk=iphoneos*]" = UIStatusBarStyleDefault;
				"INFOPLIST_KEY_UIStatusBarStyle[sdk=iphonesimulator*]" = UIStatusBarStyleDefault;
				INFOPLIST_KEY_UISupportedInterfaceOrientations_iPad = "UIInterfaceOrientationPortrait UIInterfaceOrientationPortraitUpsideDown UIInterfaceOrientationLandscapeLeft UIInterfaceOrientationLandscapeRight";
				INFOPLIST_KEY_UISupportedInterfaceOrientations_iPhone = "UIInterfaceOrientationPortrait UIInterfaceOrientationLandscapeLeft UIInterfaceOrientationLandscapeRight";
				IPHONEOS_DEPLOYMENT_TARGET = 17.0;
				LD_RUNPATH_SEARCH_PATHS = "@executable_path/Frameworks";
				"LD_RUNPATH_SEARCH_PATHS[sdk=macosx*]" = "@executable_path/../Frameworks";
				MACOSX_DEPLOYMENT_TARGET = 12.3;
				MARKETING_VERSION = 1.0;
				PRODUCT_BUNDLE_IDENTIFIER = com.peroject.kamui.SwiftUISample;
				PRODUCT_NAME = "$(TARGET_NAME)";
				SDKROOT = auto;
				SUPPORTED_PLATFORMS = "iphoneos iphonesimulator macosx";
				SWIFT_EMIT_LOC_STRINGS = YES;
				SWIFT_VERSION = 5.0;
				TARGETED_DEVICE_FAMILY = "1,2";
			};
			name = Debug;
		};
		FBAB321D292C6A84001C050A /* Release */ = {
			isa = XCBuildConfiguration;
			buildSettings = {
				ASSETCATALOG_COMPILER_APPICON_NAME = AppIcon;
				ASSETCATALOG_COMPILER_GLOBAL_ACCENT_COLOR_NAME = AccentColor;
				CODE_SIGN_ENTITLEMENTS = SwiftUISample/SwiftUISample.entitlements;
				CODE_SIGN_STYLE = Automatic;
				CURRENT_PROJECT_VERSION = 1;
				DEVELOPMENT_ASSET_PATHS = "\"SwiftUISample/Preview Content\"";
				ENABLE_PREVIEWS = YES;
				GENERATE_INFOPLIST_FILE = YES;
				"INFOPLIST_KEY_UIApplicationSceneManifest_Generation[sdk=iphoneos*]" = YES;
				"INFOPLIST_KEY_UIApplicationSceneManifest_Generation[sdk=iphonesimulator*]" = YES;
				"INFOPLIST_KEY_UIApplicationSupportsIndirectInputEvents[sdk=iphoneos*]" = YES;
				"INFOPLIST_KEY_UIApplicationSupportsIndirectInputEvents[sdk=iphonesimulator*]" = YES;
				"INFOPLIST_KEY_UILaunchScreen_Generation[sdk=iphoneos*]" = YES;
				"INFOPLIST_KEY_UILaunchScreen_Generation[sdk=iphonesimulator*]" = YES;
				"INFOPLIST_KEY_UIStatusBarStyle[sdk=iphoneos*]" = UIStatusBarStyleDefault;
				"INFOPLIST_KEY_UIStatusBarStyle[sdk=iphonesimulator*]" = UIStatusBarStyleDefault;
				INFOPLIST_KEY_UISupportedInterfaceOrientations_iPad = "UIInterfaceOrientationPortrait UIInterfaceOrientationPortraitUpsideDown UIInterfaceOrientationLandscapeLeft UIInterfaceOrientationLandscapeRight";
				INFOPLIST_KEY_UISupportedInterfaceOrientations_iPhone = "UIInterfaceOrientationPortrait UIInterfaceOrientationLandscapeLeft UIInterfaceOrientationLandscapeRight";
				IPHONEOS_DEPLOYMENT_TARGET = 17.0;
				LD_RUNPATH_SEARCH_PATHS = "@executable_path/Frameworks";
				"LD_RUNPATH_SEARCH_PATHS[sdk=macosx*]" = "@executable_path/../Frameworks";
				MACOSX_DEPLOYMENT_TARGET = 12.3;
				MARKETING_VERSION = 1.0;
				PRODUCT_BUNDLE_IDENTIFIER = com.peroject.kamui.SwiftUISample;
				PRODUCT_NAME = "$(TARGET_NAME)";
				SDKROOT = auto;
				SUPPORTED_PLATFORMS = "iphoneos iphonesimulator macosx";
				SWIFT_EMIT_LOC_STRINGS = YES;
				SWIFT_VERSION = 5.0;
				TARGETED_DEVICE_FAMILY = "1,2";
			};
			name = Release;
		};
/* End XCBuildConfiguration section */

/* Begin XCConfigurationList section */
		FBAB3207292C6A83001C050A /* Build configuration list for PBXProject "SwiftUISample" */ = {
			isa = XCConfigurationList;
			buildConfigurations = (
				FBAB3219292C6A84001C050A /* Debug */,
				FBAB321A292C6A84001C050A /* Release */,
			);
			defaultConfigurationIsVisible = 0;
			defaultConfigurationName = Release;
		};
		FBAB321B292C6A84001C050A /* Build configuration list for PBXNativeTarget "SwiftUISample" */ = {
			isa = XCConfigurationList;
			buildConfigurations = (
				FBAB321C292C6A84001C050A /* Debug */,
				FBAB321D292C6A84001C050A /* Release */,
			);
			defaultConfigurationIsVisible = 0;
			defaultConfigurationName = Release;
		};
/* End XCConfigurationList section */
	};
	rootObject = FBAB3204292C6A83001C050A /* Project object */;
}
